<?xml version="1.0" encoding="UTF-8" standalone="yes" ?>
<CodeBlocks_project_file>
	<FileVersion major="1" minor="6" />
	<Project>
		<Option title="enigma-opt" />
		<Option pch_mode="2" />
		<Option default_target="Profiling" />
		<Option compiler="gcc" />
		<Build>
			<Target title="Release Windows x64">
				<Option platforms="Windows;" />
				<Option output="bin/ReleaseWin64/enigma-optima" prefix_auto="1" extension_auto="1" />
				<Option object_output="obj/ReleaseWin64/" />
				<Option type="1" />
				<Option compiler="gcc" />
				<Compiler>
					<Add option="-O3" />
					<Add option="-Wextra" />
					<Add option="-Wall" />
					<Add option="-m64" />
					<Add option="-DNDEBUG" />
				</Compiler>
				<Linker>
					<Add option="-m64" />
					<Add option="-O3" />
					<Add directory="libEnigma/bin/Release/x64" />
				</Linker>
			</Target>
			<Target title="Release Windows x86">
				<Option platforms="Windows;" />
				<Option output="bin/ReleaseWin32/enigma-optima" prefix_auto="1" extension_auto="1" />
				<Option object_output="obj/ReleaseWin32/" />
				<Option type="1" />
				<Option compiler="gcc" />
				<Compiler>
					<Add option="-march=pentium3" />
					<Add option="-O3" />
					<Add option="-Wextra" />
					<Add option="-Wall" />
					<Add option="-m32" />
					<Add option="-DNDEBUG" />
				</Compiler>
				<Linker>
					<Add option="-m32" />
					<Add option="-O3" />
					<Add directory="libEnigma/bin/Release/x86" />
				</Linker>
			</Target>
			<Target title="Release Linux x64">
				<Option platforms="Unix;" />
				<Option output="bin/ReleaseLinux64/enigma-optima" prefix_auto="1" extension_auto="1" />
				<Option object_output="obj/ReleaseLinux64/" />
				<Option type="1" />
				<Option compiler="gcc" />
				<Compiler>
					<Add option="-O3" />
					<Add option="-Wextra" />
					<Add option="-Wall" />
					<Add option="-m64" />
					<Add option="-DNDEBUG" />
				</Compiler>
				<Linker>
					<Add option="-m64" />
					<Add option="-O3" />
					<Add directory="libEnigma/bin/Release/x64" />
				</Linker>
			</Target>
			<Target title="Debug x64">
				<Option output="bin/Debug/enigma-optima" prefix_auto="1" extension_auto="1" />
				<Option working_dir="bin/Debug/" />
				<Option object_output="obj/Debug/" />
				<Option type="1" />
				<Option compiler="gcc" />
				<Option parameters="-M M4 -u C -w B738 -r AARI -m MSPZ -s BCDPEOFVGRHIKUMZQWXY -D 00trigr.cur 00bigr.cur 00ciphertext" />
				<Compiler>
					<Add option="-g" />
					<Add option="-DDEBUG" />
					<Add option="-DTESTING" />
				</Compiler>
				<Linker>
					<Add directory="libEnigma/bin/Debug/x64" />
				</Linker>
			</Target>
		</Build>
		<VirtualTargets>
			<Add alias="Release All" targets="Release Windows x64;Release Windows x86;Release Linux x64;" />
		</VirtualTargets>
		<Compiler>
			<Add option="-Wextra" />
			<Add option="-Wall" />
			<Add option="-g" />
			<Add option="-std=gnu99" />
			<Add option="-std=gnu++11" />
			<Add option="-Werror=implicit-function-declaration" />
			<Add option="-Wunsafe-loop-optimizations" />
			<Add option="-Wvector-operation-performance" />
			<Add option="-fcall-used-xmm6" />
			<Add option="-fcall-used-xmm7" />
			<Add option="-fcall-used-xmm8" />
			<Add option="-fcall-used-xmm9" />
			<Add option="-fcall-used-xmm10" />
			<Add option="-fcall-used-xmm11" />
			<Add option="-fcall-used-xmm12" />
			<Add option="-fcall-used-xmm13" />
			<Add option="-fcall-used-xmm14" />
			<Add option="-fcall-used-xmm15" />
			<Add option="-save-temps" />
			<Add directory="../libEnigma/include" />
		</Compiler>
		<Linker>
			<Add option="-static" />
			<Add library="libEnigma" />
		</Linker>
		<Unit filename="../OS/OsDefault.c">
			<Option compilerVar="CC" />
			<Option target="Release Linux x64" />
			<Option target="Debug x64" />
		</Unit>
		<Unit filename="../OS/OsWindows.c">
			<Option compilerVar="CC" />
			<Option target="Release Windows x64" />
			<Option target="Release Windows x86" />
			<Option target="Debug x64" />
		</Unit>
		<Unit filename="../banner.c">
			<Option compilerVar="CC" />
		</Unit>
		<Unit filename="../banner.h" />
		<Unit filename="../config/releaseVersion.cpp" />
		<Unit filename="../config/releaseVersion.h" />
		<Unit filename="../display.c">
			<Option compilerVar="CC" />
		</Unit>
		<Unit filename="../display.h" />
		<Unit filename="../enigma.c">
			<Option compilerVar="CC" />
		</Unit>
		<Unit filename="../error.c">
			<Option compilerVar="CC" />
		</Unit>
		<Extensions>
			<code_completion />
			<envvars />
			<debugger />
			<lib_finder disable_auto="1" />
			<DoxyBlocks>
				<comment_style block="0" line="0" />
				<doxyfile_project />
				<doxyfile_build />
				<doxyfile_warnings />
				<doxyfile_output />
				<doxyfile_dot />
				<general />
			</DoxyBlocks>
		</Extensions>
	</Project>
</CodeBlocks_project_file>
