<?xml version="1.0" encoding="UTF-8" standalone="yes" ?>
<CodeBlocks_project_file>
	<FileVersion major="1" minor="6" />
	<Project>
		<Option title="enigma-optima.benchmark" />
		<Option pch_mode="2" />
		<Option compiler="gcc" />
		<Build>
			<Target title="Release x64">
				<Option platforms="Unix;Mac;" />
				<Option output="bin/Release/x64/enigma-optima-benchmark" prefix_auto="1" extension_auto="1" />
				<Option working_dir="bin/Release/x64/" />
				<Option object_output="obj/Release/x64/" />
				<Option type="1" />
				<Option compiler="gcc" />
				<Compiler>
					<Add option="-O3" />
					<Add option="-m64" />
				</Compiler>
				<Linker>
					<Add option="-O3" />
					<Add option="-m64" />
					<Add directory="$(#gbench.lib)" />
					<Add directory="../libEnigma/bin/Release/x64" />
				</Linker>
			</Target>
			<Target title="Release Win x64">
				<Option platforms="Windows;" />
				<Option output="bin/Release/x64/enigma-optima-benchmark" prefix_auto="1" extension_auto="1" />
				<Option working_dir="bin/Release/x64/" />
				<Option object_output="obj/Release/x64/" />
				<Option type="1" />
				<Option compiler="gcc" />
				<Compiler>
					<Add option="-O3" />
					<Add option="-m64" />
				</Compiler>
				<Linker>
					<Add option="-O3" />
					<Add option="-m64" />
					<Add library="shlwapi" />
					<Add directory="$(#gbench.lib)" />
					<Add directory="../libEnigma/bin/Release/x64" />
				</Linker>
			</Target>
			<Target title="Release x86">
				<Option platforms="Unix;Mac;" />
				<Option output="bin/Release/x86/enigma-optima-benchmark" prefix_auto="1" extension_auto="1" />
				<Option working_dir="bin/Release/x86/" />
				<Option object_output="obj/Release/x86/" />
				<Option type="1" />
				<Option compiler="gcc" />
				<Compiler>
					<Add option="-march=pentium3" />
					<Add option="-O3" />
					<Add option="-m32" />
					<Add option="-fno-pie" />
					<Add option="-fno-pic" />
				</Compiler>
				<Linker>
					<Add option="-m32" />
					<Add option="-O3" />
					<Add option="-no-pie" />
					<Add directory="$(#gbench.lib32)" />
					<Add directory="../libEnigma/bin/Release/x86" />
				</Linker>
			</Target>
			<Target title="Release Win x86">
				<Option platforms="Windows;" />
				<Option output="bin/Release/x86/enigma-optima-benchmark" prefix_auto="1" extension_auto="1" />
				<Option working_dir="bin/Release/x86/" />
				<Option object_output="obj/Release/x86/" />
				<Option type="1" />
				<Option compiler="gcc" />
				<Compiler>
					<Add option="-march=pentium3" />
					<Add option="-O3" />
					<Add option="-m32" />
				</Compiler>
				<Linker>
					<Add option="-O3" />
					<Add option="-m32" />
					<Add library="shlwapi" />
					<Add directory="$(#gbench.lib32)" />
					<Add directory="../libEnigma/bin/Release/x86" />
				</Linker>
			</Target>
			<Target title="Debug x64">
				<Option output="bin/Debug/x64/enigma-optima-benchmark" prefix_auto="1" extension_auto="1" />
				<Option working_dir="bin/Debug/x64/" />
				<Option object_output="obj/Debug/x64/" />
				<Option type="1" />
				<Option compiler="gcc" />
				<Compiler>
					<Add option="-m64" />
					<Add option="-g" />
				</Compiler>
				<Linker>
					<Add option="-m64" />
					<Add directory="$(#gbench.lib)" />
					<Add directory="../libEnigma/bin/Debug/x64" />
				</Linker>
			</Target>
		</Build>
		<VirtualTargets>
			<Add alias="All" targets="Release x64;Release Win x64;Release x86;Release Win x86;Debug x64;" />
		</VirtualTargets>
		<Compiler>
			<Add option="-Wextra" />
			<Add option="-Wall" />
			<Add option="-g" />
			<Add option="-std=gnu99" />
			<Add option="-std=gnu++11" />
			<Add option="-Werror=implicit-function-declaration" />
			<Add option="-Wunsafe-loop-optimizations" />
			<Add option="-Wvector-operation-performance" />
			<Add option="-fexceptions" />
			<Add option="-pthread" />
			<Add directory="$(#gbench.include)" />
			<Add directory="../../libEnigma/include" />
		</Compiler>
		<Linker>
			<Add option="-pthread" />
			<Add option="-static-libgcc" />
			<Add option="-static-libstdc++" />
			<Add library="benchmark" />
			<Add library="Enigma" />
		</Linker>
		<Unit filename="../../benchmark/AlignedAllocationTrait.h" />
		<Unit filename="../../benchmark/MessageAndKeyBasedFixture.cpp" />
		<Unit filename="../../benchmark/MessageAndKeyBasedFixture.h" />
		<Unit filename="../../benchmark/biscore.tests.cpp" />
		<Unit filename="../../benchmark/cipherAvx2_ni.c">
			<Option compilerVar="CC" />
		</Unit>
		<Unit filename="../../benchmark/cipherAvx2_ni.h" />
		<Unit filename="../../benchmark/cipherAvx_ni.c">
			<Option compilerVar="CC" />
		</Unit>
		<Unit filename="../../benchmark/cipherAvx_ni.h" />
		<Unit filename="../../benchmark/cipherSimple_ni.c">
			<Option compilerVar="CC" />
		</Unit>
		<Unit filename="../../benchmark/cipherSimple_ni.h" />
		<Unit filename="../../benchmark/cipherSse2_ni.c">
			<Option compilerVar="CC" />
		</Unit>
		<Unit filename="../../benchmark/cipherSse2_ni.h" />
		<Unit filename="../../benchmark/cipherSsse3_ni.c">
			<Option compilerVar="CC" />
		</Unit>
		<Unit filename="../../benchmark/cipherSsse3_ni.h" />
		<Unit filename="../../benchmark/compute_biscore.tests.cpp" />
		<Unit filename="../../benchmark/compute_icscore.tests.cpp" />
		<Unit filename="../../benchmark/compute_triscore.tests.cpp" />
		<Unit filename="../../benchmark/compute_uniscore.tests.cpp" />
		<Unit filename="../../benchmark/decoding.tests.cpp" />
		<Unit filename="../../benchmark/enigmaError.c">
			<Option compilerVar="CC" />
		</Unit>
		<Unit filename="../../benchmark/icscore.tests.cpp" />
		<Unit filename="../../benchmark/main.cpp" />
		<Unit filename="../../benchmark/triscore.tests.cpp" />
		<Unit filename="../../benchmark/uniscore.tests.cpp" />
		<Extensions>
			<code_completion />
			<envvars />
			<debugger />
		</Extensions>
	</Project>
</CodeBlocks_project_file>
