<?xml version="1.0" encoding="UTF-8" standalone="yes" ?>
<CodeBlocks_project_file>
	<FileVersion major="1" minor="6" />
	<Project>
		<Option title="libEnigma" />
		<Option pch_mode="2" />
		<Option compiler="gcc" />
		<Build>
			<Target title="Debug x64">
				<Option output="bin/Debug/x64/Enigma" prefix_auto="1" extension_auto="1" />
				<Option working_dir="" />
				<Option object_output="obj/Debug/x64/" />
				<Option type="2" />
				<Option compiler="gcc" />
				<Option createDefFile="1" />
				<Compiler>
					<Add option="-m64" />
					<Add option="-g" />
				</Compiler>
				<Linker>
					<Add option="-m64" />
				</Linker>
			</Target>
			<Target title="Release x64">
				<Option output="bin/Release/x64/Enigma" prefix_auto="1" extension_auto="1" />
				<Option working_dir="" />
				<Option object_output="obj/Release/x64/" />
				<Option type="2" />
				<Option compiler="gcc" />
				<Option createDefFile="1" />
				<Compiler>
					<Add option="-O3" />
					<Add option="-m64" />
					<Add option="-DNDEBUG" />
				</Compiler>
				<Linker>
					<Add option="-O3" />
					<Add option="-m64" />
				</Linker>
			</Target>
			<Target title="Release x86">
				<Option output="bin/Release/x86/Enigma" prefix_auto="1" extension_auto="1" />
				<Option working_dir="" />
				<Option object_output="obj/Release/x86/" />
				<Option type="2" />
				<Option compiler="gcc" />
				<Option createDefFile="1" />
				<Compiler>
					<Add option="-march=pentium3" />
					<Add option="-O3" />
					<Add option="-m32" />
					<Add option="-DNDEBUG" />
				</Compiler>
				<Linker>
					<Add option="-O3" />
					<Add option="-m32" />
				</Linker>
			</Target>
		</Build>
		<VirtualTargets>
			<Add alias="Release All" targets="Release x64;Release x86;" />
		</VirtualTargets>
		<Compiler>
			<Add option="-Wnon-virtual-dtor" />
			<Add option="-Wshadow" />
			<Add option="-Wredundant-decls" />
			<Add option="-Wcast-align" />
			<Add option="-Wfloat-equal" />
			<Add option="-Wunreachable-code" />
			<Add option="-Wmissing-declarations" />
			<Add option="-Weffc++" />
			<Add option="-Wextra" />
			<Add option="-Wall" />
			<Add option="-g" />
			<Add option="-std=gnu99" />
			<Add option="-std=gnu++11" />
			<Add option="-Werror=implicit-function-declaration" />
			<Add option="-Wunsafe-loop-optimizations" />
			<Add option="-fcall-used-xmm6" />
			<Add option="-fcall-used-xmm7" />
			<Add option="-fcall-used-xmm8" />
			<Add option="-fcall-used-xmm9" />
			<Add option="-fcall-used-xmm10" />
			<Add option="-fcall-used-xmm11" />
			<Add option="-fcall-used-xmm12" />
			<Add option="-fcall-used-xmm13" />
			<Add option="-fcall-used-xmm14" />
			<Add option="-fcall-used-xmm15" />
		</Compiler>
		<Linker>
			<Add option="-static-libstdc++" />
			<Add option="-static-libgcc" />
			<Add option="-static" />
		</Linker>
		<Unit filename="../../libEnigma/include/charmap.h" />
		<Unit filename="../../libEnigma/src/charmap.c">
			<Option compilerVar="CC" />
		</Unit>
		<Extensions>
			<code_completion />
			<envvars />
			<debugger />
			<lib_finder disable_auto="1" />
		</Extensions>
	</Project>
</CodeBlocks_project_file>
